
Microsoft Visual Studio Solution File, Format Version 12.00
# Visual Studio Version 17
VisualStudioVersion = 17.9.34728.123
MinimumVisualStudioVersion = 10.0.40219.1
Project("{FAE04EC0-301F-11D3-BF4B-00C04F79EFBC}") = "DevopsApp", "DevopsApp\DevopsApp.csproj", "{379752F1-E1BC-47F7-935D-F28B85FA4D56}"
EndProject
Global
	GlobalSection(SolutionConfigurationPlatforms) = preSolution
		Debug|Any CPU = Debug|Any CPU
		Release|Any CPU = Release|Any CPU
	EndGlobalSection
	GlobalSection(ProjectConfigurationPlatforms) = postSolution
		{379752F1-E1BC-47F7-935D-F28B85FA4D56}.Debug|Any CPU.ActiveCfg = Debug|Any CPU
		{379752F1-E1BC-47F7-935D-F28B85FA4D56}.Debug|Any CPU.Build.0 = Debug|Any CPU
		{379752F1-E1BC-47F7-935D-F28B85FA4D56}.Release|Any CPU.ActiveCfg = Release|Any CPU
		{379752F1-E1BC-47F7-935D-F28B85FA4D56}.Release|Any CPU.Build.0 = Release|Any CPU
	EndGlobalSection
	GlobalSection(SolutionProperties) = preSolution
		HideSolutionNode = FALSE
	EndGlobalSection
	GlobalSection(ExtensibilityGlobals) = postSolution
		SolutionGuid = {3CA78582-503D-4D63-BCA9-4DEB4DAED27A}
	EndGlobalSection
EndGlobal
